
Microsoft Visual Studio Solution File, Format Version 12.00
# Visual Studio Version 16
VisualStudioVersion = 16.0.31205.134
MinimumVisualStudioVersion = 10.0.40219.1
Project("{FAE04EC0-301F-11D3-BF4B-00C04F79EFBC}") = "FromCsvToDatabase", "FromCsvToDatabase\FromCsvToDatabase.csproj", "{453DACDE-2775-49DE-A733-6BF773FE66FF}"
EndProject
Global
	GlobalSection(SolutionConfigurationPlatforms) = preSolution
		Debug|Any CPU = Debug|Any CPU
		Release|Any CPU = Release|Any CPU
	EndGlobalSection
	GlobalSection(ProjectConfigurationPlatforms) = postSolution
		{453DACDE-2775-49DE-A733-6BF773FE66FF}.Debug|Any CPU.ActiveCfg = Debug|Any CPU
		{453DACDE-2775-49DE-A733-6BF773FE66FF}.Debug|Any CPU.Build.0 = Debug|Any CPU
		{453DACDE-2775-49DE-A733-6BF773FE66FF}.Release|Any CPU.ActiveCfg = Release|Any CPU
		{453DACDE-2775-49DE-A733-6BF773FE66FF}.Release|Any CPU.Build.0 = Release|Any CPU
	EndGlobalSection
	GlobalSection(SolutionProperties) = preSolution
		HideSolutionNode = FALSE
	EndGlobalSection
	GlobalSection(ExtensibilityGlobals) = postSolution
		SolutionGuid = {190114DC-BAD2-44F5-A660-BBDE555F5723}
	EndGlobalSection
EndGlobal
